
Microsoft Visual Studio Solution File, Format Version 12.00
# Visual Studio Version 16
VisualStudioVersion = 16.0.31424.327
MinimumVisualStudioVersion = 10.0.40219.1
Project("{FAE04EC0-301F-11D3-BF4B-00C04F79EFBC}") = "Exert", "Exert\Exert.csproj", "{51F8D5D4-B4CB-442F-B6BA-17DC2DAE5C13}"
EndProject
Global
	GlobalSection(SolutionConfigurationPlatforms) = preSolution
		Debug|Any CPU = Debug|Any CPU
		Release|Any CPU = Release|Any CPU
	EndGlobalSection
	GlobalSection(ProjectConfigurationPlatforms) = postSolution
		{51F8D5D4-B4CB-442F-B6BA-17DC2DAE5C13}.Debug|Any CPU.ActiveCfg = Debug|Any CPU
		{51F8D5D4-B4CB-442F-B6BA-17DC2DAE5C13}.Debug|Any CPU.Build.0 = Debug|Any CPU
		{51F8D5D4-B4CB-442F-B6BA-17DC2DAE5C13}.Release|Any CPU.ActiveCfg = Release|Any CPU
		{51F8D5D4-B4CB-442F-B6BA-17DC2DAE5C13}.Release|Any CPU.Build.0 = Release|Any CPU
	EndGlobalSection
	GlobalSection(SolutionProperties) = preSolution
		HideSolutionNode = FALSE
	EndGlobalSection
	GlobalSection(ExtensibilityGlobals) = postSolution
		SolutionGuid = {A60D005D-F253-4605-81DF-DE65B2DCE28D}
	EndGlobalSection
EndGlobal
